
Microsoft Visual Studio Solution File, Format Version 12.00
# Visual Studio Version 17
VisualStudioVersion = 17.11.35222.181
MinimumVisualStudioVersion = 10.0.40219.1
Project("{FAE04EC0-301F-11D3-BF4B-00C04F79EFBC}") = "yaystal", "yaystal\yaystal.csproj", "{417094B6-D752-4566-B958-E9D83735FB8D}"
EndProject
Global
	GlobalSection(SolutionConfigurationPlatforms) = preSolution
		Debug|Any CPU = Debug|Any CPU
		Release|Any CPU = Release|Any CPU
	EndGlobalSection
	GlobalSection(ProjectConfigurationPlatforms) = postSolution
		{417094B6-D752-4566-B958-E9D83735FB8D}.Debug|Any CPU.ActiveCfg = Debug|Any CPU
		{417094B6-D752-4566-B958-E9D83735FB8D}.Debug|Any CPU.Build.0 = Debug|Any CPU
		{417094B6-D752-4566-B958-E9D83735FB8D}.Release|Any CPU.ActiveCfg = Release|Any CPU
		{417094B6-D752-4566-B958-E9D83735FB8D}.Release|Any CPU.Build.0 = Release|Any CPU
	EndGlobalSection
	GlobalSection(SolutionProperties) = preSolution
		HideSolutionNode = FALSE
	EndGlobalSection
	GlobalSection(ExtensibilityGlobals) = postSolution
		SolutionGuid = {2713BD69-D206-47F1-8A41-6727F9C692C9}
	EndGlobalSection
EndGlobal
